
Microsoft Visual Studio Solution File, Format Version 12.00
# Visual Studio Version 16
VisualStudioVersion = 16.0.32002.261
MinimumVisualStudioVersion = 10.0.40219.1
Project("{FAE04EC0-301F-11D3-BF4B-00C04F79EFBC}") = "theThirdCheckPoint", "theThirdCheckPoint\theThirdCheckPoint.csproj", "{101F8A81-776A-4506-8B53-CC0B4BED3C8A}"
EndProject
Global
	GlobalSection(SolutionConfigurationPlatforms) = preSolution
		Debug|Any CPU = Debug|Any CPU
		Release|Any CPU = Release|Any CPU
	EndGlobalSection
	GlobalSection(ProjectConfigurationPlatforms) = postSolution
		{101F8A81-776A-4506-8B53-CC0B4BED3C8A}.Debug|Any CPU.ActiveCfg = Debug|Any CPU
		{101F8A81-776A-4506-8B53-CC0B4BED3C8A}.Debug|Any CPU.Build.0 = Debug|Any CPU
		{101F8A81-776A-4506-8B53-CC0B4BED3C8A}.Release|Any CPU.ActiveCfg = Release|Any CPU
		{101F8A81-776A-4506-8B53-CC0B4BED3C8A}.Release|Any CPU.Build.0 = Release|Any CPU
	EndGlobalSection
	GlobalSection(SolutionProperties) = preSolution
		HideSolutionNode = FALSE
	EndGlobalSection
	GlobalSection(ExtensibilityGlobals) = postSolution
		SolutionGuid = {696D2AAC-B544-4085-8EA1-8310E1202EFD}
	EndGlobalSection
EndGlobal
