
Microsoft Visual Studio Solution File, Format Version 12.00
# Visual Studio Version 16
VisualStudioVersion = 16.0.32002.261
MinimumVisualStudioVersion = 10.0.40219.1
Project("{FAE04EC0-301F-11D3-BF4B-00C04F79EFBC}") = "theFirstCheckPoint", "theFirstCheckPoint\theFirstCheckPoint.csproj", "{01A36FA0-E806-4042-A11B-FFB4A94C4F89}"
EndProject
Global
	GlobalSection(SolutionConfigurationPlatforms) = preSolution
		Debug|Any CPU = Debug|Any CPU
		Release|Any CPU = Release|Any CPU
	EndGlobalSection
	GlobalSection(ProjectConfigurationPlatforms) = postSolution
		{01A36FA0-E806-4042-A11B-FFB4A94C4F89}.Debug|Any CPU.ActiveCfg = Debug|Any CPU
		{01A36FA0-E806-4042-A11B-FFB4A94C4F89}.Debug|Any CPU.Build.0 = Debug|Any CPU
		{01A36FA0-E806-4042-A11B-FFB4A94C4F89}.Release|Any CPU.ActiveCfg = Release|Any CPU
		{01A36FA0-E806-4042-A11B-FFB4A94C4F89}.Release|Any CPU.Build.0 = Release|Any CPU
	EndGlobalSection
	GlobalSection(SolutionProperties) = preSolution
		HideSolutionNode = FALSE
	EndGlobalSection
	GlobalSection(ExtensibilityGlobals) = postSolution
		SolutionGuid = {3987AADD-40F2-45BA-9751-6FE24AE95982}
	EndGlobalSection
EndGlobal
