
Microsoft Visual Studio Solution File, Format Version 12.00
# Visual Studio Version 17
VisualStudioVersion = 17.0.32112.339
MinimumVisualStudioVersion = 10.0.40219.1
Project("{FAE04EC0-301F-11D3-BF4B-00C04F79EFBC}") = "ConsoleApp2_EF_Annotation_FloabtAPI", "ConsoleApp2_EF_Annotation_FloabtAPI\ConsoleApp2_EF_Annotation_FloabtAPI.csproj", "{705866C7-5301-417C-B86B-08EBB36D1D5C}"
EndProject
Global
	GlobalSection(SolutionConfigurationPlatforms) = preSolution
		Debug|Any CPU = Debug|Any CPU
		Release|Any CPU = Release|Any CPU
	EndGlobalSection
	GlobalSection(ProjectConfigurationPlatforms) = postSolution
		{705866C7-5301-417C-B86B-08EBB36D1D5C}.Debug|Any CPU.ActiveCfg = Debug|Any CPU
		{705866C7-5301-417C-B86B-08EBB36D1D5C}.Debug|Any CPU.Build.0 = Debug|Any CPU
		{705866C7-5301-417C-B86B-08EBB36D1D5C}.Release|Any CPU.ActiveCfg = Release|Any CPU
		{705866C7-5301-417C-B86B-08EBB36D1D5C}.Release|Any CPU.Build.0 = Release|Any CPU
	EndGlobalSection
	GlobalSection(SolutionProperties) = preSolution
		HideSolutionNode = FALSE
	EndGlobalSection
	GlobalSection(ExtensibilityGlobals) = postSolution
		SolutionGuid = {562D7517-898D-42FF-8EED-30BD0DEEF54E}
	EndGlobalSection
EndGlobal
